// !$*UTF8*$!
{
	archiveVersion = 1;
	classes = {
	};
	objectVersion = 48;
	objects = {

/* Begin PBXBuildFile section */
		7FA0C53EAA0D48490C47CEF3 /* Pods_breakpoint.framework in Frameworks */ = {isa = PBXBuildFile; fileRef = B625402A5BE7071FFB002E95 /* Pods_breakpoint.framework */; };
		DE26BBE41FDDC55300E5489F /* AppDelegate.swift in Sources */ = {isa = PBXBuildFile; fileRef = DE26BBE31FDDC55300E5489F /* AppDelegate.swift */; };
		DE26BBE61FDDC55300E5489F /* PublicFeedVC.swift in Sources */ = {isa = PBXBuildFile; fileRef = DE26BBE51FDDC55300E5489F /* PublicFeedVC.swift */; };
		DE26BBE81FDDC55300E5489F /* GroupsVC.swift in Sources */ = {isa = PBXBuildFile; fileRef = DE26BBE71FDDC55300E5489F /* GroupsVC.swift */; };
		DE26BBEB1FDDC55300E5489F /* Main.storyboard in Resources */ = {isa = PBXBuildFile; fileRef = DE26BBE91FDDC55300E5489F /* Main.storyboard */; };
		DE26BBED1FDDC55300E5489F /* Assets.xcassets in Resources */ = {isa = PBXBuildFile; fileRef = DE26BBEC1FDDC55300E5489F /* Assets.xcassets */; };
		DE26BBF01FDDC55300E5489F /* LaunchScreen.storyboard in Resources */ = {isa = PBXBuildFile; fileRef = DE26BBEE1FDDC55300E5489F /* LaunchScreen.storyboard */; };
		DE26BBFD1FDDC82700E5489F /* GoogleService-Info.plist in Resources */ = {isa = PBXBuildFile; fileRef = DE26BBFC1FDDC82700E5489F /* GoogleService-Info.plist */; };
		DE3686921FE0582500A74AEC /* MeVC.swift in Sources */ = {isa = PBXBuildFile; fileRef = DE3686911FE0582500A74AEC /* MeVC.swift */; };
		DE3686941FE0728600A74AEC /* CreatePostVC.swift in Sources */ = {isa = PBXBuildFile; fileRef = DE3686931FE0728600A74AEC /* CreatePostVC.swift */; };
		DE36869A1FE07CB600A74AEC /* BindToKeyBoard.swift in Sources */ = {isa = PBXBuildFile; fileRef = DE3686991FE07CB600A74AEC /* BindToKeyBoard.swift */; };
		DE36869C1FE0800700A74AEC /* Message.swift in Sources */ = {isa = PBXBuildFile; fileRef = DE36869B1FE0800700A74AEC /* Message.swift */; };
		DE6C9D401FE8685800085904 /* FBSDKLoginKit.framework in Frameworks */ = {isa = PBXBuildFile; fileRef = DE6C9D3D1FE8685700085904 /* FBSDKLoginKit.framework */; };
		DE6C9D411FE8685800085904 /* FBSDKCoreKit.framework in Frameworks */ = {isa = PBXBuildFile; fileRef = DE6C9D3E1FE8685800085904 /* FBSDKCoreKit.framework */; };
		DE6C9D421FE8685800085904 /* Bolts.framework in Frameworks */ = {isa = PBXBuildFile; fileRef = DE6C9D3F1FE8685800085904 /* Bolts.framework */; };
		DE6D70821FE122FB00D8B34E /* FeedCell.swift in Sources */ = {isa = PBXBuildFile; fileRef = DE6D70811FE122FB00D8B34E /* FeedCell.swift */; };
		DE6D70841FE1717200D8B34E /* CreateGroupVC.swift in Sources */ = {isa = PBXBuildFile; fileRef = DE6D70831FE1717200D8B34E /* CreateGroupVC.swift */; };
		DE6D70861FE17B0C00D8B34E /* UserCell.swift in Sources */ = {isa = PBXBuildFile; fileRef = DE6D70851FE17B0C00D8B34E /* UserCell.swift */; };
		DE7311D51FE011BE00FEE753 /* AuthService.swift in Sources */ = {isa = PBXBuildFile; fileRef = DE7311D41FE011BE00FEE753 /* AuthService.swift */; };
		DE77C07E1FE663C40006BC11 /* GroupFeedCell.swift in Sources */ = {isa = PBXBuildFile; fileRef = DE77C07D1FE663C40006BC11 /* GroupFeedCell.swift */; };
		DE77C0801FE676C00006BC11 /* GroupFeedVC.swift in Sources */ = {isa = PBXBuildFile; fileRef = DE77C07F1FE676C00006BC11 /* GroupFeedVC.swift */; };
		DE77C0821FE7200A0006BC11 /* CustomizedVCTransitions.swift in Sources */ = {isa = PBXBuildFile; fileRef = DE77C0811FE7200A0006BC11 /* CustomizedVCTransitions.swift */; };
		DE77C0841FE72CB50006BC11 /* GroupMemberVC.swift in Sources */ = {isa = PBXBuildFile; fileRef = DE77C0831FE72CB50006BC11 /* GroupMemberVC.swift */; };
		DE77C0861FE72F630006BC11 /* GroupMemberCell.swift in Sources */ = {isa = PBXBuildFile; fileRef = DE77C0851FE72F630006BC11 /* GroupMemberCell.swift */; };
		DE9998D32007579C00A7E45F /* Constant.swift in Sources */ = {isa = PBXBuildFile; fileRef = DE9998D22007579C00A7E45F /* Constant.swift */; };
		DEC2C3561FE26A690053B4BE /* GroupCell.swift in Sources */ = {isa = PBXBuildFile; fileRef = DEC2C3551FE26A690053B4BE /* GroupCell.swift */; };
		DEC2C3581FE270B10053B4BE /* Group.swift in Sources */ = {isa = PBXBuildFile; fileRef = DEC2C3571FE270B10053B4BE /* Group.swift */; };
		DEC9A8B31FE9C03E004E99F9 /* AvatarCell.swift in Sources */ = {isa = PBXBuildFile; fileRef = DEC9A8B21FE9C03E004E99F9 /* AvatarCell.swift */; };
		DED5FAA31FEAEA3300B7FD93 /* ProfileImageView.swift in Sources */ = {isa = PBXBuildFile; fileRef = DED5FAA21FEAEA3300B7FD93 /* ProfileImageView.swift */; };
		DEEE1A001FE97FCE0081229A /* ChooseAvatarVC.swift in Sources */ = {isa = PBXBuildFile; fileRef = DEEE19FF1FE97FCE0081229A /* ChooseAvatarVC.swift */; };
		DEFACE461FDDC99E00A30BE5 /* DataService.swift in Sources */ = {isa = PBXBuildFile; fileRef = DEFACE451FDDC99E00A30BE5 /* DataService.swift */; };
		DEFACE481FDDDBBC00A30BE5 /* AuthVC.swift in Sources */ = {isa = PBXBuildFile; fileRef = DEFACE471FDDDBBC00A30BE5 /* AuthVC.swift */; };
		DEFACE4A1FDDDBF600A30BE5 /* LoginVC.swift in Sources */ = {isa = PBXBuildFile; fileRef = DEFACE491FDDDBF600A30BE5 /* LoginVC.swift */; };
		DEFACE4C1FDDDC4300A30BE5 /* InsetTextField.swift in Sources */ = {isa = PBXBuildFile; fileRef = DEFACE4B1FDDDC4300A30BE5 /* InsetTextField.swift */; };
		DEFACE4E1FDDE11500A30BE5 /* ShadowView.swift in Sources */ = {isa = PBXBuildFile; fileRef = DEFACE4D1FDDE11500A30BE5 /* ShadowView.swift */; };
/* End PBXBuildFile section */

/* Begin PBXFileReference section */
		701EF0DBC6200735DD2009E0 /* Pods-breakpoint.debug.xcconfig */ = {isa = PBXFileReference; includeInIndex = 1; lastKnownFileType = text.xcconfig; name = "Pods-breakpoint.debug.xcconfig"; path = "Pods/Target Support Files/Pods-breakpoint/Pods-breakpoint.debug.xcconfig"; sourceTree = "<group>"; };
		9EC40771766CE2B59D9BD47E /* Pods-breakpoint.release.xcconfig */ = {isa = PBXFileReference; includeInIndex = 1; lastKnownFileType = text.xcconfig; name = "Pods-breakpoint.release.xcconfig"; path = "Pods/Target Support Files/Pods-breakpoint/Pods-breakpoint.release.xcconfig"; sourceTree = "<group>"; };
		B625402A5BE7071FFB002E95 /* Pods_breakpoint.framework */ = {isa = PBXFileReference; explicitFileType = wrapper.framework; includeInIndex = 0; path = Pods_breakpoint.framework; sourceTree = BUILT_PRODUCTS_DIR; };
		DE26BBE01FDDC55300E5489F /* breakpoint.app */ = {isa = PBXFileReference; explicitFileType = wrapper.application; includeInIndex = 0; path = breakpoint.app; sourceTree = BUILT_PRODUCTS_DIR; };
		DE26BBE31FDDC55300E5489F /* AppDelegate.swift */ = {isa = PBXFileReference; lastKnownFileType = sourcecode.swift; path = AppDelegate.swift; sourceTree = "<group>"; };
		DE26BBE51FDDC55300E5489F /* PublicFeedVC.swift */ = {isa = PBXFileReference; lastKnownFileType = sourcecode.swift; path = PublicFeedVC.swift; sourceTree = "<group>"; };
		DE26BBE71FDDC55300E5489F /* GroupsVC.swift */ = {isa = PBXFileReference; lastKnownFileType = sourcecode.swift; path = GroupsVC.swift; sourceTree = "<group>"; };
		DE26BBEA1FDDC55300E5489F /* Base */ = {isa = PBXFileReference; lastKnownFileType = file.storyboard; name = Base; path = Base.lproj/Main.storyboard; sourceTree = "<group>"; };
		DE26BBEC1FDDC55300E5489F /* Assets.xcassets */ = {isa = PBXFileReference; lastKnownFileType = folder.assetcatalog; path = Assets.xcassets; sourceTree = "<group>"; };
		DE26BBEF1FDDC55300E5489F /* Base */ = {isa = PBXFileReference; lastKnownFileType = file.storyboard; name = Base; path = Base.lproj/LaunchScreen.storyboard; sourceTree = "<group>"; };
		DE26BBF11FDDC55300E5489F /* Info.plist */ = {isa = PBXFileReference; lastKnownFileType = text.plist.xml; path = Info.plist; sourceTree = "<group>"; };
		DE26BBFC1FDDC82700E5489F /* GoogleService-Info.plist */ = {isa = PBXFileReference; fileEncoding = 4; lastKnownFileType = text.plist.xml; path = "GoogleService-Info.plist"; sourceTree = "<group>"; };
		DE3686911FE0582500A74AEC /* MeVC.swift */ = {isa = PBXFileReference; lastKnownFileType = sourcecode.swift; path = MeVC.swift; sourceTree = "<group>"; };
		DE3686931FE0728600A74AEC /* CreatePostVC.swift */ = {isa = PBXFileReference; lastKnownFileType = sourcecode.swift; path = CreatePostVC.swift; sourceTree = "<group>"; };
		DE3686991FE07CB600A74AEC /* BindToKeyBoard.swift */ = {isa = PBXFileReference; lastKnownFileType = sourcecode.swift; path = BindToKeyBoard.swift; sourceTree = "<group>"; };
		DE36869B1FE0800700A74AEC /* Message.swift */ = {isa = PBXFileReference; lastKnownFileType = sourcecode.swift; path = Message.swift; sourceTree = "<group>"; };
		DE6C9D3D1FE8685700085904 /* FBSDKLoginKit.framework */ = {isa = PBXFileReference; lastKnownFileType = wrapper.framework; path = FBSDKLoginKit.framework; sourceTree = "<group>"; };
		DE6C9D3E1FE8685800085904 /* FBSDKCoreKit.framework */ = {isa = PBXFileReference; lastKnownFileType = wrapper.framework; path = FBSDKCoreKit.framework; sourceTree = "<group>"; };
		DE6C9D3F1FE8685800085904 /* Bolts.framework */ = {isa = PBXFileReference; lastKnownFileType = wrapper.framework; path = Bolts.framework; sourceTree = "<group>"; };
		DE6D70811FE122FB00D8B34E /* FeedCell.swift */ = {isa = PBXFileReference; lastKnownFileType = sourcecode.swift; path = FeedCell.swift; sourceTree = "<group>"; };
		DE6D70831FE1717200D8B34E /* CreateGroupVC.swift */ = {isa = PBXFileReference; lastKnownFileType = sourcecode.swift; path = CreateGroupVC.swift; sourceTree = "<group>"; };
		DE6D70851FE17B0C00D8B34E /* UserCell.swift */ = {isa = PBXFileReference; lastKnownFileType = sourcecode.swift; path = UserCell.swift; sourceTree = "<group>"; };
		DE7311D41FE011BE00FEE753 /* AuthService.swift */ = {isa = PBXFileReference; lastKnownFileType = sourcecode.swift; path = AuthService.swift; sourceTree = "<group>"; };
		DE77C07D1FE663C40006BC11 /* GroupFeedCell.swift */ = {isa = PBXFileReference; lastKnownFileType = sourcecode.swift; path = GroupFeedCell.swift; sourceTree = "<group>"; };
		DE77C07F1FE676C00006BC11 /* GroupFeedVC.swift */ = {isa = PBXFileReference; lastKnownFileType = sourcecode.swift; path = GroupFeedVC.swift; sourceTree = "<group>"; };
		DE77C0811FE7200A0006BC11 /* CustomizedVCTransitions.swift */ = {isa = PBXFileReference; lastKnownFileType = sourcecode.swift; path = CustomizedVCTransitions.swift; sourceTree = "<group>"; };
		DE77C0831FE72CB50006BC11 /* GroupMemberVC.swift */ = {isa = PBXFileReference; lastKnownFileType = sourcecode.swift; path = GroupMemberVC.swift; sourceTree = "<group>"; };
		DE77C0851FE72F630006BC11 /* GroupMemberCell.swift */ = {isa = PBXFileReference; lastKnownFileType = sourcecode.swift; path = GroupMemberCell.swift; sourceTree = "<group>"; };
		DE9998D22007579C00A7E45F /* Constant.swift */ = {isa = PBXFileReference; lastKnownFileType = sourcecode.swift; path = Constant.swift; sourceTree = "<group>"; };
		DE9FCE0D2002ABA300C02921 /* breakpoint.entitlements */ = {isa = PBXFileReference; lastKnownFileType = text.plist.entitlements; path = breakpoint.entitlements; sourceTree = "<group>"; };
		DEC2C3551FE26A690053B4BE /* GroupCell.swift */ = {isa = PBXFileReference; lastKnownFileType = sourcecode.swift; path = GroupCell.swift; sourceTree = "<group>"; };
		DEC2C3571FE270B10053B4BE /* Group.swift */ = {isa = PBXFileReference; lastKnownFileType = sourcecode.swift; path = Group.swift; sourceTree = "<group>"; };
		DEC9A8B21FE9C03E004E99F9 /* AvatarCell.swift */ = {isa = PBXFileReference; lastKnownFileType = sourcecode.swift; path = AvatarCell.swift; sourceTree = "<group>"; };
		DED5FAA21FEAEA3300B7FD93 /* ProfileImageView.swift */ = {isa = PBXFileReference; lastKnownFileType = sourcecode.swift; path = ProfileImageView.swift; sourceTree = "<group>"; };
		DEEE19FF1FE97FCE0081229A /* ChooseAvatarVC.swift */ = {isa = PBXFileReference; lastKnownFileType = sourcecode.swift; path = ChooseAvatarVC.swift; sourceTree = "<group>"; };
		DEFACE451FDDC99E00A30BE5 /* DataService.swift */ = {isa = PBXFileReference; lastKnownFileType = sourcecode.swift; path = DataService.swift; sourceTree = "<group>"; };
		DEFACE471FDDDBBC00A30BE5 /* AuthVC.swift */ = {isa = PBXFileReference; lastKnownFileType = sourcecode.swift; path = AuthVC.swift; sourceTree = "<group>"; };
		DEFACE491FDDDBF600A30BE5 /* LoginVC.swift */ = {isa = PBXFileReference; lastKnownFileType = sourcecode.swift; path = LoginVC.swift; sourceTree = "<group>"; };
		DEFACE4B1FDDDC4300A30BE5 /* InsetTextField.swift */ = {isa = PBXFileReference; lastKnownFileType = sourcecode.swift; path = InsetTextField.swift; sourceTree = "<group>"; };
		DEFACE4D1FDDE11500A30BE5 /* ShadowView.swift */ = {isa = PBXFileReference; lastKnownFileType = sourcecode.swift; path = ShadowView.swift; sourceTree = "<group>"; };
/* End PBXFileReference section */

/* Begin PBXFrameworksBuildPhase section */
		DE26BBDD1FDDC55300E5489F /* Frameworks */ = {
			isa = PBXFrameworksBuildPhase;
			buildActionMask = 2147483647;
			files = (
				DE6C9D401FE8685800085904 /* FBSDKLoginKit.framework in Frameworks */,
				DE6C9D411FE8685800085904 /* FBSDKCoreKit.framework in Frameworks */,
				7FA0C53EAA0D48490C47CEF3 /* Pods_breakpoint.framework in Frameworks */,
				DE6C9D421FE8685800085904 /* Bolts.framework in Frameworks */,
			);
			runOnlyForDeploymentPostprocessing = 0;
		};
/* End PBXFrameworksBuildPhase section */

/* Begin PBXGroup section */
		5BF062E1D6AC33F89E05D4C5 /* Frameworks */ = {
			isa = PBXGroup;
			children = (
				DE6C9D3F1FE8685800085904 /* Bolts.framework */,
				DE6C9D3E1FE8685800085904 /* FBSDKCoreKit.framework */,
				DE6C9D3D1FE8685700085904 /* FBSDKLoginKit.framework */,
				B625402A5BE7071FFB002E95 /* Pods_breakpoint.framework */,
			);
			name = Frameworks;
			sourceTree = "<group>";
		};
		91EE0F56274024FCD5BDBA3D /* Pods */ = {
			isa = PBXGroup;
			children = (
				701EF0DBC6200735DD2009E0 /* Pods-breakpoint.debug.xcconfig */,
				9EC40771766CE2B59D9BD47E /* Pods-breakpoint.release.xcconfig */,
			);
			name = Pods;
			sourceTree = "<group>";
		};
		DE26BBD71FDDC55300E5489F = {
			isa = PBXGroup;
			children = (
				DE26BBE21FDDC55300E5489F /* breakpoint */,
				DE26BBE11FDDC55300E5489F /* Products */,
				91EE0F56274024FCD5BDBA3D /* Pods */,
				5BF062E1D6AC33F89E05D4C5 /* Frameworks */,
			);
			sourceTree = "<group>";
		};
		DE26BBE11FDDC55300E5489F /* Products */ = {
			isa = PBXGroup;
			children = (
				DE26BBE01FDDC55300E5489F /* breakpoint.app */,
			);
			name = Products;
			sourceTree = "<group>";
		};
		DE26BBE21FDDC55300E5489F /* breakpoint */ = {
			isa = PBXGroup;
			children = (
				DE9FCE0D2002ABA300C02921 /* breakpoint.entitlements */,
				DE9998D12007572B00A7E45F /* Utilities */,
				DE26BBFB1FDDC65B00E5489F /* Services */,
				DE26BBFA1FDDC63300E5489F /* Extension */,
				DE26BBF91FDDC62600E5489F /* Model */,
				DE26BBF81FDDC61B00E5489F /* View */,
				DE26BBF71FDDC60C00E5489F /* Controller */,
				DE26BBE31FDDC55300E5489F /* AppDelegate.swift */,
				DE26BBE91FDDC55300E5489F /* Main.storyboard */,
				DE26BBEC1FDDC55300E5489F /* Assets.xcassets */,
				DE26BBEE1FDDC55300E5489F /* LaunchScreen.storyboard */,
				DE26BBF11FDDC55300E5489F /* Info.plist */,
				DE26BBFC1FDDC82700E5489F /* GoogleService-Info.plist */,
			);
			path = breakpoint;
			sourceTree = "<group>";
		};
		DE26BBF71FDDC60C00E5489F /* Controller */ = {
			isa = PBXGroup;
			children = (
				DE26BBE51FDDC55300E5489F /* PublicFeedVC.swift */,
				DE26BBE71FDDC55300E5489F /* GroupsVC.swift */,
				DEFACE471FDDDBBC00A30BE5 /* AuthVC.swift */,
				DEFACE491FDDDBF600A30BE5 /* LoginVC.swift */,
				DE3686931FE0728600A74AEC /* CreatePostVC.swift */,
				DE6D70831FE1717200D8B34E /* CreateGroupVC.swift */,
				DE77C07F1FE676C00006BC11 /* GroupFeedVC.swift */,
				DE77C0831FE72CB50006BC11 /* GroupMemberVC.swift */,
				DE3686911FE0582500A74AEC /* MeVC.swift */,
				DEEE19FF1FE97FCE0081229A /* ChooseAvatarVC.swift */,
			);
			path = Controller;
			sourceTree = "<group>";
		};
		DE26BBF81FDDC61B00E5489F /* View */ = {
			isa = PBXGroup;
			children = (
				DEFACE4B1FDDDC4300A30BE5 /* InsetTextField.swift */,
				DEFACE4D1FDDE11500A30BE5 /* ShadowView.swift */,
				DE6D70811FE122FB00D8B34E /* FeedCell.swift */,
				DE6D70851FE17B0C00D8B34E /* UserCell.swift */,
				DEC2C3551FE26A690053B4BE /* GroupCell.swift */,
				DE77C07D1FE663C40006BC11 /* GroupFeedCell.swift */,
				DE77C0851FE72F630006BC11 /* GroupMemberCell.swift */,
				DEC9A8B21FE9C03E004E99F9 /* AvatarCell.swift */,
				DED5FAA21FEAEA3300B7FD93 /* ProfileImageView.swift */,
			);
			path = View;
			sourceTree = "<group>";
		};
		DE26BBF91FDDC62600E5489F /* Model */ = {
			isa = PBXGroup;
			children = (
				DE36869B1FE0800700A74AEC /* Message.swift */,
				DEC2C3571FE270B10053B4BE /* Group.swift */,
			);
			path = Model;
			sourceTree = "<group>";
		};
		DE26BBFA1FDDC63300E5489F /* Extension */ = {
			isa = PBXGroup;
			children = (
				DE3686991FE07CB600A74AEC /* BindToKeyBoard.swift */,
				DE77C0811FE7200A0006BC11 /* CustomizedVCTransitions.swift */,
			);
			path = Extension;
			sourceTree = "<group>";
		};
		DE26BBFB1FDDC65B00E5489F /* Services */ = {
			isa = PBXGroup;
			children = (
				DEFACE451FDDC99E00A30BE5 /* DataService.swift */,
				DE7311D41FE011BE00FEE753 /* AuthService.swift */,
			);
			path = Services;
			sourceTree = "<group>";
		};
		DE9998D12007572B00A7E45F /* Utilities */ = {
			isa = PBXGroup;
			children = (
				DE9998D22007579C00A7E45F /* Constant.swift */,
			);
			path = Utilities;
			sourceTree = "<group>";
		};
/* End PBXGroup section */

/* Begin PBXNativeTarget section */
		DE26BBDF1FDDC55300E5489F /* breakpoint */ = {
			isa = PBXNativeTarget;
			buildConfigurationList = DE26BBF41FDDC55300E5489F /* Build configuration list for PBXNativeTarget "breakpoint" */;
			buildPhases = (
				415DD4A84BB81104A32E769C /* [CP] Check Pods Manifest.lock */,
				DE26BBDC1FDDC55300E5489F /* Sources */,
				DE26BBDD1FDDC55300E5489F /* Frameworks */,
				DE26BBDE1FDDC55300E5489F /* Resources */,
				A62CAC04938C2D04824D2F32 /* [CP] Embed Pods Frameworks */,
				5DAA439F086BB6728CEED50A /* [CP] Copy Pods Resources */,
			);
			buildRules = (
			);
			dependencies = (
			);
			name = breakpoint;
			productName = breakpoint;
			productReference = DE26BBE01FDDC55300E5489F /* breakpoint.app */;
			productType = "com.apple.product-type.application";
		};
/* End PBXNativeTarget section */

/* Begin PBXProject section */
		DE26BBD81FDDC55300E5489F /* Project object */ = {
			isa = PBXProject;
			attributes = {
				LastSwiftUpdateCheck = 0910;
				LastUpgradeCheck = 0910;
				ORGANIZATIONNAME = "Le Dang Dai Duong";
				TargetAttributes = {
					DE26BBDF1FDDC55300E5489F = {
						CreatedOnToolsVersion = 9.1;
						ProvisioningStyle = Automatic;
						SystemCapabilities = {
							com.apple.Keychain = {
								enabled = 1;
							};
						};
					};
				};
			};
			buildConfigurationList = DE26BBDB1FDDC55300E5489F /* Build configuration list for PBXProject "breakpoint" */;
			compatibilityVersion = "Xcode 8.0";
			developmentRegion = en;
			hasScannedForEncodings = 0;
			knownRegions = (
				en,
				Base,
			);
			mainGroup = DE26BBD71FDDC55300E5489F;
			productRefGroup = DE26BBE11FDDC55300E5489F /* Products */;
			projectDirPath = "";
			projectRoot = "";
			targets = (
				DE26BBDF1FDDC55300E5489F /* breakpoint */,
			);
		};
/* End PBXProject section */

/* Begin PBXResourcesBuildPhase section */
		DE26BBDE1FDDC55300E5489F /* Resources */ = {
			isa = PBXResourcesBuildPhase;
			buildActionMask = 2147483647;
			files = (
				DE26BBF01FDDC55300E5489F /* LaunchScreen.storyboard in Resources */,
				DE26BBFD1FDDC82700E5489F /* GoogleService-Info.plist in Resources */,
				DE26BBED1FDDC55300E5489F /* Assets.xcassets in Resources */,
				DE26BBEB1FDDC55300E5489F /* Main.storyboard in Resources */,
			);
			runOnlyForDeploymentPostprocessing = 0;
		};
/* End PBXResourcesBuildPhase section */

/* Begin PBXShellScriptBuildPhase section */
		415DD4A84BB81104A32E769C /* [CP] Check Pods Manifest.lock */ = {
			isa = PBXShellScriptBuildPhase;
			buildActionMask = 2147483647;
			files = (
			);
			inputPaths = (
			);
			name = "[CP] Check Pods Manifest.lock";
			outputPaths = (
			);
			runOnlyForDeploymentPostprocessing = 0;
			shellPath = /bin/sh;
			shellScript = "diff \"${PODS_ROOT}/../Podfile.lock\" \"${PODS_ROOT}/Manifest.lock\" > /dev/null\nif [ $? != 0 ] ; then\n    # print error to STDERR\n    echo \"error: The sandbox is not in sync with the Podfile.lock. Run 'pod install' or update your CocoaPods installation.\" >&2\n    exit 1\nfi\n";
			showEnvVarsInLog = 0;
		};
		5DAA439F086BB6728CEED50A /* [CP] Copy Pods Resources */ = {
			isa = PBXShellScriptBuildPhase;
			buildActionMask = 2147483647;
			files = (
			);
			inputPaths = (
			);
			name = "[CP] Copy Pods Resources";
			outputPaths = (
			);
			runOnlyForDeploymentPostprocessing = 0;
			shellPath = /bin/sh;
			shellScript = "\"${SRCROOT}/Pods/Target Support Files/Pods-breakpoint/Pods-breakpoint-resources.sh\"\n";
			showEnvVarsInLog = 0;
		};
		A62CAC04938C2D04824D2F32 /* [CP] Embed Pods Frameworks */ = {
			isa = PBXShellScriptBuildPhase;
			buildActionMask = 2147483647;
			files = (
			);
			inputPaths = (
			);
			name = "[CP] Embed Pods Frameworks";
			outputPaths = (
			);
			runOnlyForDeploymentPostprocessing = 0;
			shellPath = /bin/sh;
			shellScript = "\"${SRCROOT}/Pods/Target Support Files/Pods-breakpoint/Pods-breakpoint-frameworks.sh\"\n";
			showEnvVarsInLog = 0;
		};
/* End PBXShellScriptBuildPhase section */

/* Begin PBXSourcesBuildPhase section */
		DE26BBDC1FDDC55300E5489F /* Sources */ = {
			isa = PBXSourcesBuildPhase;
			buildActionMask = 2147483647;
			files = (
				DE3686921FE0582500A74AEC /* MeVC.swift in Sources */,
				DEFACE481FDDDBBC00A30BE5 /* AuthVC.swift in Sources */,
				DE26BBE81FDDC55300E5489F /* GroupsVC.swift in Sources */,
				DEC2C3561FE26A690053B4BE /* GroupCell.swift in Sources */,
				DED5FAA31FEAEA3300B7FD93 /* ProfileImageView.swift in Sources */,
				DEC9A8B31FE9C03E004E99F9 /* AvatarCell.swift in Sources */,
				DEFACE4A1FDDDBF600A30BE5 /* LoginVC.swift in Sources */,
				DE7311D51FE011BE00FEE753 /* AuthService.swift in Sources */,
				DE77C0801FE676C00006BC11 /* GroupFeedVC.swift in Sources */,
				DE77C0821FE7200A0006BC11 /* CustomizedVCTransitions.swift in Sources */,
				DEEE1A001FE97FCE0081229A /* ChooseAvatarVC.swift in Sources */,
				DE77C07E1FE663C40006BC11 /* GroupFeedCell.swift in Sources */,
				DE26BBE41FDDC55300E5489F /* AppDelegate.swift in Sources */,
				DEFACE4E1FDDE11500A30BE5 /* ShadowView.swift in Sources */,
				DE6D70821FE122FB00D8B34E /* FeedCell.swift in Sources */,
				DE77C0841FE72CB50006BC11 /* GroupMemberVC.swift in Sources */,
				DEC2C3581FE270B10053B4BE /* Group.swift in Sources */,
				DE6D70861FE17B0C00D8B34E /* UserCell.swift in Sources */,
				DE6D70841FE1717200D8B34E /* CreateGroupVC.swift in Sources */,
				DE3686941FE0728600A74AEC /* CreatePostVC.swift in Sources */,
				DE9998D32007579C00A7E45F /* Constant.swift in Sources */,
				DE36869A1FE07CB600A74AEC /* BindToKeyBoard.swift in Sources */,
				DE36869C1FE0800700A74AEC /* Message.swift in Sources */,
				DE26BBE61FDDC55300E5489F /* PublicFeedVC.swift in Sources */,
				DE77C0861FE72F630006BC11 /* GroupMemberCell.swift in Sources */,
				DEFACE4C1FDDDC4300A30BE5 /* InsetTextField.swift in Sources */,
				DEFACE461FDDC99E00A30BE5 /* DataService.swift in Sources */,
			);
			runOnlyForDeploymentPostprocessing = 0;
		};
/* End PBXSourcesBuildPhase section */

/* Begin PBXVariantGroup section */
		DE26BBE91FDDC55300E5489F /* Main.storyboard */ = {
			isa = PBXVariantGroup;
			children = (
				DE26BBEA1FDDC55300E5489F /* Base */,
			);
			name = Main.storyboard;
			sourceTree = "<group>";
		};
		DE26BBEE1FDDC55300E5489F /* LaunchScreen.storyboard */ = {
			isa = PBXVariantGroup;
			children = (
				DE26BBEF1FDDC55300E5489F /* Base */,
			);
			name = LaunchScreen.storyboard;
			sourceTree = "<group>";
		};
/* End PBXVariantGroup section */

/* Begin XCBuildConfiguration section */
		DE26BBF21FDDC55300E5489F /* Debug */ = {
			isa = XCBuildConfiguration;
			buildSettings = {
				ALWAYS_SEARCH_USER_PATHS = NO;
				CLANG_ANALYZER_NONNULL = YES;
				CLANG_ANALYZER_NUMBER_OBJECT_CONVERSION = YES_AGGRESSIVE;
				CLANG_CXX_LANGUAGE_STANDARD = "gnu++14";
				CLANG_CXX_LIBRARY = "libc++";
				CLANG_ENABLE_MODULES = YES;
				CLANG_ENABLE_OBJC_ARC = YES;
				CLANG_WARN_BLOCK_CAPTURE_AUTORELEASING = YES;
				CLANG_WARN_BOOL_CONVERSION = YES;
				CLANG_WARN_COMMA = YES;
				CLANG_WARN_CONSTANT_CONVERSION = YES;
				CLANG_WARN_DIRECT_OBJC_ISA_USAGE = YES_ERROR;
				CLANG_WARN_DOCUMENTATION_COMMENTS = YES;
				CLANG_WARN_EMPTY_BODY = YES;
				CLANG_WARN_ENUM_CONVERSION = YES;
				CLANG_WARN_INFINITE_RECURSION = YES;
				CLANG_WARN_INT_CONVERSION = YES;
				CLANG_WARN_NON_LITERAL_NULL_CONVERSION = YES;
				CLANG_WARN_OBJC_LITERAL_CONVERSION = YES;
				CLANG_WARN_OBJC_ROOT_CLASS = YES_ERROR;
				CLANG_WARN_RANGE_LOOP_ANALYSIS = YES;
				CLANG_WARN_STRICT_PROTOTYPES = YES;
				CLANG_WARN_SUSPICIOUS_MOVE = YES;
				CLANG_WARN_UNGUARDED_AVAILABILITY = YES_AGGRESSIVE;
				CLANG_WARN_UNREACHABLE_CODE = YES;
				CLANG_WARN__DUPLICATE_METHOD_MATCH = YES;
				CODE_SIGN_IDENTITY = "iPhone Developer";
				COPY_PHASE_STRIP = NO;
				DEBUG_INFORMATION_FORMAT = dwarf;
				ENABLE_STRICT_OBJC_MSGSEND = YES;
				ENABLE_TESTABILITY = YES;
				GCC_C_LANGUAGE_STANDARD = gnu11;
				GCC_DYNAMIC_NO_PIC = NO;
				GCC_NO_COMMON_BLOCKS = YES;
				GCC_OPTIMIZATION_LEVEL = 0;
				GCC_PREPROCESSOR_DEFINITIONS = (
					"DEBUG=1",
					"$(inherited)",
				);
				GCC_WARN_64_TO_32_BIT_CONVERSION = YES;
				GCC_WARN_ABOUT_RETURN_TYPE = YES_ERROR;
				GCC_WARN_UNDECLARED_SELECTOR = YES;
				GCC_WARN_UNINITIALIZED_AUTOS = YES_AGGRESSIVE;
				GCC_WARN_UNUSED_FUNCTION = YES;
				GCC_WARN_UNUSED_VARIABLE = YES;
				IPHONEOS_DEPLOYMENT_TARGET = 11.0;
				MTL_ENABLE_DEBUG_INFO = YES;
				ONLY_ACTIVE_ARCH = YES;
				SDKROOT = iphoneos;
				SWIFT_ACTIVE_COMPILATION_CONDITIONS = DEBUG;
				SWIFT_OPTIMIZATION_LEVEL = "-Onone";
			};
			name = Debug;
		};
		DE26BBF31FDDC55300E5489F /* Release */ = {
			isa = XCBuildConfiguration;
			buildSettings = {
				ALWAYS_SEARCH_USER_PATHS = NO;
				CLANG_ANALYZER_NONNULL = YES;
				CLANG_ANALYZER_NUMBER_OBJECT_CONVERSION = YES_AGGRESSIVE;
				CLANG_CXX_LANGUAGE_STANDARD = "gnu++14";
				CLANG_CXX_LIBRARY = "libc++";
				CLANG_ENABLE_MODULES = YES;
				CLANG_ENABLE_OBJC_ARC = YES;
				CLANG_WARN_BLOCK_CAPTURE_AUTORELEASING = YES;
				CLANG_WARN_BOOL_CONVERSION = YES;
				CLANG_WARN_COMMA = YES;
				CLANG_WARN_CONSTANT_CONVERSION = YES;
				CLANG_WARN_DIRECT_OBJC_ISA_USAGE = YES_ERROR;
				CLANG_WARN_DOCUMENTATION_COMMENTS = YES;
				CLANG_WARN_EMPTY_BODY = YES;
				CLANG_WARN_ENUM_CONVERSION = YES;
				CLANG_WARN_INFINITE_RECURSION = YES;
				CLANG_WARN_INT_CONVERSION = YES;
				CLANG_WARN_NON_LITERAL_NULL_CONVERSION = YES;
				CLANG_WARN_OBJC_LITERAL_CONVERSION = YES;
				CLANG_WARN_OBJC_ROOT_CLASS = YES_ERROR;
				CLANG_WARN_RANGE_LOOP_ANALYSIS = YES;
				CLANG_WARN_STRICT_PROTOTYPES = YES;
				CLANG_WARN_SUSPICIOUS_MOVE = YES;
				CLANG_WARN_UNGUARDED_AVAILABILITY = YES_AGGRESSIVE;
				CLANG_WARN_UNREACHABLE_CODE = YES;
				CLANG_WARN__DUPLICATE_METHOD_MATCH = YES;
				CODE_SIGN_IDENTITY = "iPhone Developer";
				COPY_PHASE_STRIP = NO;
				DEBUG_INFORMATION_FORMAT = "dwarf-with-dsym";
				ENABLE_NS_ASSERTIONS = NO;
				ENABLE_STRICT_OBJC_MSGSEND = YES;
				GCC_C_LANGUAGE_STANDARD = gnu11;
				GCC_NO_COMMON_BLOCKS = YES;
				GCC_WARN_64_TO_32_BIT_CONVERSION = YES;
				GCC_WARN_ABOUT_RETURN_TYPE = YES_ERROR;
				GCC_WARN_UNDECLARED_SELECTOR = YES;
				GCC_WARN_UNINITIALIZED_AUTOS = YES_AGGRESSIVE;
				GCC_WARN_UNUSED_FUNCTION = YES;
				GCC_WARN_UNUSED_VARIABLE = YES;
				IPHONEOS_DEPLOYMENT_TARGET = 11.0;
				MTL_ENABLE_DEBUG_INFO = NO;
				SDKROOT = iphoneos;
				SWIFT_OPTIMIZATION_LEVEL = "-Owholemodule";
				VALIDATE_PRODUCT = YES;
			};
			name = Release;
		};
		DE26BBF51FDDC55300E5489F /* Debug */ = {
			isa = XCBuildConfiguration;
			baseConfigurationReference = 701EF0DBC6200735DD2009E0 /* Pods-breakpoint.debug.xcconfig */;
			buildSettings = {
				ASSETCATALOG_COMPILER_APPICON_NAME = AppIcon;
				CODE_SIGN_ENTITLEMENTS = breakpoint/breakpoint.entitlements;
				CODE_SIGN_STYLE = Automatic;
				DEVELOPMENT_TEAM = 4H8VZQM87Q;
				FRAMEWORK_SEARCH_PATHS = (
					"$(inherited)",
					"$(PROJECT_DIR)",
				);
				INFOPLIST_FILE = breakpoint/Info.plist;
				LD_RUNPATH_SEARCH_PATHS = "$(inherited) @executable_path/Frameworks";
				PRODUCT_BUNDLE_IDENTIFIER = com.pinme.sg.breakpoint;
				PRODUCT_NAME = "$(TARGET_NAME)";
				SWIFT_VERSION = 4.0;
				TARGETED_DEVICE_FAMILY = "1,2";
			};
			name = Debug;
		};
		DE26BBF61FDDC55300E5489F /* Release */ = {
			isa = XCBuildConfiguration;
			baseConfigurationReference = 9EC40771766CE2B59D9BD47E /* Pods-breakpoint.release.xcconfig */;
			buildSettings = {
				ASSETCATALOG_COMPILER_APPICON_NAME = AppIcon;
				CODE_SIGN_ENTITLEMENTS = breakpoint/breakpoint.entitlements;
				CODE_SIGN_STYLE = Automatic;
				DEVELOPMENT_TEAM = 4H8VZQM87Q;
				FRAMEWORK_SEARCH_PATHS = (
					"$(inherited)",
					"$(PROJECT_DIR)",
				);
				INFOPLIST_FILE = breakpoint/Info.plist;
				LD_RUNPATH_SEARCH_PATHS = "$(inherited) @executable_path/Frameworks";
				PRODUCT_BUNDLE_IDENTIFIER = com.pinme.sg.breakpoint;
				PRODUCT_NAME = "$(TARGET_NAME)";
				SWIFT_VERSION = 4.0;
				TARGETED_DEVICE_FAMILY = "1,2";
			};
			name = Release;
		};
/* End XCBuildConfiguration section */

/* Begin XCConfigurationList section */
		DE26BBDB1FDDC55300E5489F /* Build configuration list for PBXProject "breakpoint" */ = {
			isa = XCConfigurationList;
			buildConfigurations = (
				DE26BBF21FDDC55300E5489F /* Debug */,
				DE26BBF31FDDC55300E5489F /* Release */,
			);
			defaultConfigurationIsVisible = 0;
			defaultConfigurationName = Release;
		};
		DE26BBF41FDDC55300E5489F /* Build configuration list for PBXNativeTarget "breakpoint" */ = {
			isa = XCConfigurationList;
			buildConfigurations = (
				DE26BBF51FDDC55300E5489F /* Debug */,
				DE26BBF61FDDC55300E5489F /* Release */,
			);
			defaultConfigurationIsVisible = 0;
			defaultConfigurationName = Release;
		};
/* End XCConfigurationList section */
	};
	rootObject = DE26BBD81FDDC55300E5489F /* Project object */;
}
